// !$*UTF8*$!
{
	archiveVersion = 1;
	classes = {
	};
	objectVersion = 56;
	objects = {

/* Begin PBXBuildFile section */
		B921919928FEC50500E6EBD8 /* Words.swift in Sources */ = {isa = PBXBuildFile; fileRef = B921919828FEC50500E6EBD8 /* Words.swift */; };
		B923C57C2900291F00CC37A1 /* DetailViewController.swift in Sources */ = {isa = PBXBuildFile; fileRef = B923C57B2900291F00CC37A1 /* DetailViewController.swift */; };
		B9383F3A2907456D00ACAAF4 /* SynonymsBoxView.swift in Sources */ = {isa = PBXBuildFile; fileRef = B9383F392907456D00ACAAF4 /* SynonymsBoxView.swift */; };
		B9383F3C290749E100ACAAF4 /* AntonymsBoxView.swift in Sources */ = {isa = PBXBuildFile; fileRef = B9383F3B290749E100ACAAF4 /* AntonymsBoxView.swift */; };
		B9383F3E29074B4600ACAAF4 /* ExampleUsageBoxView.swift in Sources */ = {isa = PBXBuildFile; fileRef = B9383F3D29074B4600ACAAF4 /* ExampleUsageBoxView.swift */; };
		B96480242902E68300010EBD /* DefinitionBoxDetailView.swift in Sources */ = {isa = PBXBuildFile; fileRef = B96480232902E68300010EBD /* DefinitionBoxDetailView.swift */; };
		B981341428F63D8F00F0DED9 /* DefinitionBoxView.swift in Sources */ = {isa = PBXBuildFile; fileRef = B981341328F63D8F00F0DED9 /* DefinitionBoxView.swift */; };
		B99BEC0528EC4FDC000AB9BE /* AppDelegate.swift in Sources */ = {isa = PBXBuildFile; fileRef = B99BEC0428EC4FDC000AB9BE /* AppDelegate.swift */; };
		B99BEC0728EC4FDC000AB9BE /* SceneDelegate.swift in Sources */ = {isa = PBXBuildFile; fileRef = B99BEC0628EC4FDC000AB9BE /* SceneDelegate.swift */; };
		B99BEC0928EC4FDC000AB9BE /* ViewController.swift in Sources */ = {isa = PBXBuildFile; fileRef = B99BEC0828EC4FDC000AB9BE /* ViewController.swift */; };
		B99BEC0E28EC4FDD000AB9BE /* Assets.xcassets in Resources */ = {isa = PBXBuildFile; fileRef = B99BEC0D28EC4FDD000AB9BE /* Assets.xcassets */; };
		B99BEC1128EC4FDD000AB9BE /* LaunchScreen.storyboard in Resources */ = {isa = PBXBuildFile; fileRef = B99BEC0F28EC4FDD000AB9BE /* LaunchScreen.storyboard */; };
		B9C194AF28F82F8B008FFABF /* CustomTableViewCell.swift in Sources */ = {isa = PBXBuildFile; fileRef = B9C194AE28F82F8B008FFABF /* CustomTableViewCell.swift */; };
		B9C4E22928ED0502000E3B32 /* Rubik-Regular.ttf in Resources */ = {isa = PBXBuildFile; fileRef = B9C4E22628ED04B9000E3B32 /* Rubik-Regular.ttf */; };
		B9C4E22A28ED0504000E3B32 /* Rubik-Bold.ttf in Resources */ = {isa = PBXBuildFile; fileRef = B9C4E22728ED04C3000E3B32 /* Rubik-Bold.ttf */; };
		B9C4E22C28ED05AB000E3B32 /* Rubik-Light.ttf in Resources */ = {isa = PBXBuildFile; fileRef = B9C4E22B28ED05A9000E3B32 /* Rubik-Light.ttf */; };
		B9C4E22E28ED0DE5000E3B32 /* Rubik-Italic.ttf in Resources */ = {isa = PBXBuildFile; fileRef = B9C4E22D28ED0DE3000E3B32 /* Rubik-Italic.ttf */; };
/* End PBXBuildFile section */

/* Begin PBXFileReference section */
		B921919828FEC50500E6EBD8 /* Words.swift */ = {isa = PBXFileReference; lastKnownFileType = sourcecode.swift; path = Words.swift; sourceTree = "<group>"; };
		B923C57B2900291F00CC37A1 /* DetailViewController.swift */ = {isa = PBXFileReference; lastKnownFileType = sourcecode.swift; path = DetailViewController.swift; sourceTree = "<group>"; };
		B9383F392907456D00ACAAF4 /* SynonymsBoxView.swift */ = {isa = PBXFileReference; lastKnownFileType = sourcecode.swift; path = SynonymsBoxView.swift; sourceTree = "<group>"; };
		B9383F3B290749E100ACAAF4 /* AntonymsBoxView.swift */ = {isa = PBXFileReference; lastKnownFileType = sourcecode.swift; path = AntonymsBoxView.swift; sourceTree = "<group>"; };
		B9383F3D29074B4600ACAAF4 /* ExampleUsageBoxView.swift */ = {isa = PBXFileReference; lastKnownFileType = sourcecode.swift; path = ExampleUsageBoxView.swift; sourceTree = "<group>"; };
		B96480232902E68300010EBD /* DefinitionBoxDetailView.swift */ = {isa = PBXFileReference; lastKnownFileType = sourcecode.swift; path = DefinitionBoxDetailView.swift; sourceTree = "<group>"; };
		B981341328F63D8F00F0DED9 /* DefinitionBoxView.swift */ = {isa = PBXFileReference; lastKnownFileType = sourcecode.swift; path = DefinitionBoxView.swift; sourceTree = "<group>"; };
		B99BEC0128EC4FDC000AB9BE /* Werdd.app */ = {isa = PBXFileReference; explicitFileType = wrapper.application; includeInIndex = 0; path = Werdd.app; sourceTree = BUILT_PRODUCTS_DIR; };
		B99BEC0428EC4FDC000AB9BE /* AppDelegate.swift */ = {isa = PBXFileReference; lastKnownFileType = sourcecode.swift; path = AppDelegate.swift; sourceTree = "<group>"; };
		B99BEC0628EC4FDC000AB9BE /* SceneDelegate.swift */ = {isa = PBXFileReference; lastKnownFileType = sourcecode.swift; path = SceneDelegate.swift; sourceTree = "<group>"; };
		B99BEC0828EC4FDC000AB9BE /* ViewController.swift */ = {isa = PBXFileReference; lastKnownFileType = sourcecode.swift; path = ViewController.swift; sourceTree = "<group>"; };
		B99BEC0D28EC4FDD000AB9BE /* Assets.xcassets */ = {isa = PBXFileReference; lastKnownFileType = folder.assetcatalog; path = Assets.xcassets; sourceTree = "<group>"; };
		B99BEC1028EC4FDD000AB9BE /* Base */ = {isa = PBXFileReference; lastKnownFileType = file.storyboard; name = Base; path = Base.lproj/LaunchScreen.storyboard; sourceTree = "<group>"; };
		B99BEC1228EC4FDD000AB9BE /* Info.plist */ = {isa = PBXFileReference; lastKnownFileType = text.plist.xml; path = Info.plist; sourceTree = "<group>"; };
		B9C194AE28F82F8B008FFABF /* CustomTableViewCell.swift */ = {isa = PBXFileReference; lastKnownFileType = sourcecode.swift; path = CustomTableViewCell.swift; sourceTree = "<group>"; };
		B9C4E22628ED04B9000E3B32 /* Rubik-Regular.ttf */ = {isa = PBXFileReference; lastKnownFileType = file; path = "Rubik-Regular.ttf"; sourceTree = "<group>"; };
		B9C4E22728ED04C3000E3B32 /* Rubik-Bold.ttf */ = {isa = PBXFileReference; lastKnownFileType = file; path = "Rubik-Bold.ttf"; sourceTree = "<group>"; };
		B9C4E22B28ED05A9000E3B32 /* Rubik-Light.ttf */ = {isa = PBXFileReference; lastKnownFileType = file; path = "Rubik-Light.ttf"; sourceTree = "<group>"; };
		B9C4E22D28ED0DE3000E3B32 /* Rubik-Italic.ttf */ = {isa = PBXFileReference; lastKnownFileType = file; path = "Rubik-Italic.ttf"; sourceTree = "<group>"; };
/* End PBXFileReference section */

/* Begin PBXFrameworksBuildPhase section */
		B99BEBFE28EC4FDC000AB9BE /* Frameworks */ = {
			isa = PBXFrameworksBuildPhase;
			buildActionMask = 2147483647;
			files = (
			);
			runOnlyForDeploymentPostprocessing = 0;
		};
/* End PBXFrameworksBuildPhase section */

/* Begin PBXGroup section */
		B92B128829094FAA0002537B /* VCs */ = {
			isa = PBXGroup;
			children = (
				B99BEC0828EC4FDC000AB9BE /* ViewController.swift */,
				B923C57B2900291F00CC37A1 /* DetailViewController.swift */,
			);
			path = VCs;
			sourceTree = "<group>";
		};
		B92B128929094FB80002537B /* Views */ = {
			isa = PBXGroup;
			children = (
				B9C194AE28F82F8B008FFABF /* CustomTableViewCell.swift */,
				B981341328F63D8F00F0DED9 /* DefinitionBoxView.swift */,
				B96480232902E68300010EBD /* DefinitionBoxDetailView.swift */,
				B9383F392907456D00ACAAF4 /* SynonymsBoxView.swift */,
				B9383F3B290749E100ACAAF4 /* AntonymsBoxView.swift */,
				B9383F3D29074B4600ACAAF4 /* ExampleUsageBoxView.swift */,
			);
			path = Views;
			sourceTree = "<group>";
		};
		B99BEBF828EC4FDC000AB9BE = {
			isa = PBXGroup;
			children = (
				B99BEC0328EC4FDC000AB9BE /* Werdd */,
				B99BEC0228EC4FDC000AB9BE /* Products */,
			);
			sourceTree = "<group>";
		};
		B99BEC0228EC4FDC000AB9BE /* Products */ = {
			isa = PBXGroup;
			children = (
				B99BEC0128EC4FDC000AB9BE /* Werdd.app */,
			);
			name = Products;
			sourceTree = "<group>";
		};
		B99BEC0328EC4FDC000AB9BE /* Werdd */ = {
			isa = PBXGroup;
			children = (
				B9C4E22828ED04E6000E3B32 /* Rubik */,
				B99BEC0428EC4FDC000AB9BE /* AppDelegate.swift */,
				B99BEC0628EC4FDC000AB9BE /* SceneDelegate.swift */,
				B921919828FEC50500E6EBD8 /* Words.swift */,
				B92B128829094FAA0002537B /* VCs */,
				B92B128929094FB80002537B /* Views */,
				B99BEC0D28EC4FDD000AB9BE /* Assets.xcassets */,
				B99BEC0F28EC4FDD000AB9BE /* LaunchScreen.storyboard */,
				B99BEC1228EC4FDD000AB9BE /* Info.plist */,
			);
			path = Werdd;
			sourceTree = "<group>";
		};
		B9C4E22828ED04E6000E3B32 /* Rubik */ = {
			isa = PBXGroup;
			children = (
				B9C4E22628ED04B9000E3B32 /* Rubik-Regular.ttf */,
				B9C4E22728ED04C3000E3B32 /* Rubik-Bold.ttf */,
				B9C4E22B28ED05A9000E3B32 /* Rubik-Light.ttf */,
				B9C4E22D28ED0DE3000E3B32 /* Rubik-Italic.ttf */,
			);
			path = Rubik;
			sourceTree = "<group>";
		};
/* End PBXGroup section */

/* Begin PBXNativeTarget section */
		B99BEC0028EC4FDC000AB9BE /* Werdd */ = {
			isa = PBXNativeTarget;
			buildConfigurationList = B99BEC1528EC4FDD000AB9BE /* Build configuration list for PBXNativeTarget "Werdd" */;
			buildPhases = (
				B99BEBFD28EC4FDC000AB9BE /* Sources */,
				B99BEBFE28EC4FDC000AB9BE /* Frameworks */,
				B99BEBFF28EC4FDC000AB9BE /* Resources */,
			);
			buildRules = (
			);
			dependencies = (
			);
			name = Werdd;
			productName = Werdd;
			productReference = B99BEC0128EC4FDC000AB9BE /* Werdd.app */;
			productType = "com.apple.product-type.application";
		};
/* End PBXNativeTarget section */

/* Begin PBXProject section */
		B99BEBF928EC4FDC000AB9BE /* Project object */ = {
			isa = PBXProject;
			attributes = {
				BuildIndependentTargetsInParallel = 1;
				LastSwiftUpdateCheck = 1400;
				LastUpgradeCheck = 1400;
				TargetAttributes = {
					B99BEC0028EC4FDC000AB9BE = {
						CreatedOnToolsVersion = 14.0.1;
					};
				};
			};
			buildConfigurationList = B99BEBFC28EC4FDC000AB9BE /* Build configuration list for PBXProject "Werdd" */;
			compatibilityVersion = "Xcode 14.0";
			developmentRegion = en;
			hasScannedForEncodings = 0;
			knownRegions = (
				en,
				Base,
			);
			mainGroup = B99BEBF828EC4FDC000AB9BE;
			productRefGroup = B99BEC0228EC4FDC000AB9BE /* Products */;
			projectDirPath = "";
			projectRoot = "";
			targets = (
				B99BEC0028EC4FDC000AB9BE /* Werdd */,
			);
		};
/* End PBXProject section */

/* Begin PBXResourcesBuildPhase section */
		B99BEBFF28EC4FDC000AB9BE /* Resources */ = {
			isa = PBXResourcesBuildPhase;
			buildActionMask = 2147483647;
			files = (
				B99BEC1128EC4FDD000AB9BE /* LaunchScreen.storyboard in Resources */,
				B9C4E22A28ED0504000E3B32 /* Rubik-Bold.ttf in Resources */,
				B9C4E22E28ED0DE5000E3B32 /* Rubik-Italic.ttf in Resources */,
				B9C4E22C28ED05AB000E3B32 /* Rubik-Light.ttf in Resources */,
				B9C4E22928ED0502000E3B32 /* Rubik-Regular.ttf in Resources */,
				B99BEC0E28EC4FDD000AB9BE /* Assets.xcassets in Resources */,
			);
			runOnlyForDeploymentPostprocessing = 0;
		};
/* End PBXResourcesBuildPhase section */

/* Begin PBXSourcesBuildPhase section */
		B99BEBFD28EC4FDC000AB9BE /* Sources */ = {
			isa = PBXSourcesBuildPhase;
			buildActionMask = 2147483647;
			files = (
				B96480242902E68300010EBD /* DefinitionBoxDetailView.swift in Sources */,
				B9383F3E29074B4600ACAAF4 /* ExampleUsageBoxView.swift in Sources */,
				B9383F3A2907456D00ACAAF4 /* SynonymsBoxView.swift in Sources */,
				B99BEC0928EC4FDC000AB9BE /* ViewController.swift in Sources */,
				B9C194AF28F82F8B008FFABF /* CustomTableViewCell.swift in Sources */,
				B99BEC0528EC4FDC000AB9BE /* AppDelegate.swift in Sources */,
				B9383F3C290749E100ACAAF4 /* AntonymsBoxView.swift in Sources */,
				B923C57C2900291F00CC37A1 /* DetailViewController.swift in Sources */,
				B921919928FEC50500E6EBD8 /* Words.swift in Sources */,
				B99BEC0728EC4FDC000AB9BE /* SceneDelegate.swift in Sources */,
				B981341428F63D8F00F0DED9 /* DefinitionBoxView.swift in Sources */,
			);
			runOnlyForDeploymentPostprocessing = 0;
		};
/* End PBXSourcesBuildPhase section */

/* Begin PBXVariantGroup section */
		B99BEC0F28EC4FDD000AB9BE /* LaunchScreen.storyboard */ = {
			isa = PBXVariantGroup;
			children = (
				B99BEC1028EC4FDD000AB9BE /* Base */,
			);
			name = LaunchScreen.storyboard;
			sourceTree = "<group>";
		};
/* End PBXVariantGroup section */

/* Begin XCBuildConfiguration section */
		B99BEC1328EC4FDD000AB9BE /* Debug */ = {
			isa = XCBuildConfiguration;
			buildSettings = {
				ALWAYS_SEARCH_USER_PATHS = NO;
				CLANG_ANALYZER_NONNULL = YES;
				CLANG_ANALYZER_NUMBER_OBJECT_CONVERSION = YES_AGGRESSIVE;
				CLANG_CXX_LANGUAGE_STANDARD = "gnu++20";
				CLANG_ENABLE_MODULES = YES;
				CLANG_ENABLE_OBJC_ARC = YES;
				CLANG_ENABLE_OBJC_WEAK = YES;
				CLANG_WARN_BLOCK_CAPTURE_AUTORELEASING = YES;
				CLANG_WARN_BOOL_CONVERSION = YES;
				CLANG_WARN_COMMA = YES;
				CLANG_WARN_CONSTANT_CONVERSION = YES;
				CLANG_WARN_DEPRECATED_OBJC_IMPLEMENTATIONS = YES;
				CLANG_WARN_DIRECT_OBJC_ISA_USAGE = YES_ERROR;
				CLANG_WARN_DOCUMENTATION_COMMENTS = YES;
				CLANG_WARN_EMPTY_BODY = YES;
				CLANG_WARN_ENUM_CONVERSION = YES;
				CLANG_WARN_INFINITE_RECURSION = YES;
				CLANG_WARN_INT_CONVERSION = YES;
				CLANG_WARN_NON_LITERAL_NULL_CONVERSION = YES;
				CLANG_WARN_OBJC_IMPLICIT_RETAIN_SELF = YES;
				CLANG_WARN_OBJC_LITERAL_CONVERSION = YES;
				CLANG_WARN_OBJC_ROOT_CLASS = YES_ERROR;
				CLANG_WARN_QUOTED_INCLUDE_IN_FRAMEWORK_HEADER = YES;
				CLANG_WARN_RANGE_LOOP_ANALYSIS = YES;
				CLANG_WARN_STRICT_PROTOTYPES = YES;
				CLANG_WARN_SUSPICIOUS_MOVE = YES;
				CLANG_WARN_UNGUARDED_AVAILABILITY = YES_AGGRESSIVE;
				CLANG_WARN_UNREACHABLE_CODE = YES;
				CLANG_WARN__DUPLICATE_METHOD_MATCH = YES;
				COPY_PHASE_STRIP = NO;
				DEBUG_INFORMATION_FORMAT = dwarf;
				ENABLE_STRICT_OBJC_MSGSEND = YES;
				ENABLE_TESTABILITY = YES;
				GCC_C_LANGUAGE_STANDARD = gnu11;
				GCC_DYNAMIC_NO_PIC = NO;
				GCC_NO_COMMON_BLOCKS = YES;
				GCC_OPTIMIZATION_LEVEL = 0;
				GCC_PREPROCESSOR_DEFINITIONS = (
					"DEBUG=1",
					"$(inherited)",
				);
				GCC_WARN_64_TO_32_BIT_CONVERSION = YES;
				GCC_WARN_ABOUT_RETURN_TYPE = YES_ERROR;
				GCC_WARN_UNDECLARED_SELECTOR = YES;
				GCC_WARN_UNINITIALIZED_AUTOS = YES_AGGRESSIVE;
				GCC_WARN_UNUSED_FUNCTION = YES;
				GCC_WARN_UNUSED_VARIABLE = YES;
				IPHONEOS_DEPLOYMENT_TARGET = 16.0;
				MTL_ENABLE_DEBUG_INFO = INCLUDE_SOURCE;
				MTL_FAST_MATH = YES;
				ONLY_ACTIVE_ARCH = YES;
				SDKROOT = iphoneos;
				SWIFT_ACTIVE_COMPILATION_CONDITIONS = DEBUG;
				SWIFT_OPTIMIZATION_LEVEL = "-Onone";
			};
			name = Debug;
		};
		B99BEC1428EC4FDD000AB9BE /* Release */ = {
			isa = XCBuildConfiguration;
			buildSettings = {
				ALWAYS_SEARCH_USER_PATHS = NO;
				CLANG_ANALYZER_NONNULL = YES;
				CLANG_ANALYZER_NUMBER_OBJECT_CONVERSION = YES_AGGRESSIVE;
				CLANG_CXX_LANGUAGE_STANDARD = "gnu++20";
				CLANG_ENABLE_MODULES = YES;
				CLANG_ENABLE_OBJC_ARC = YES;
				CLANG_ENABLE_OBJC_WEAK = YES;
				CLANG_WARN_BLOCK_CAPTURE_AUTORELEASING = YES;
				CLANG_WARN_BOOL_CONVERSION = YES;
				CLANG_WARN_COMMA = YES;
				CLANG_WARN_CONSTANT_CONVERSION = YES;
				CLANG_WARN_DEPRECATED_OBJC_IMPLEMENTATIONS = YES;
				CLANG_WARN_DIRECT_OBJC_ISA_USAGE = YES_ERROR;
				CLANG_WARN_DOCUMENTATION_COMMENTS = YES;
				CLANG_WARN_EMPTY_BODY = YES;
				CLANG_WARN_ENUM_CONVERSION = YES;
				CLANG_WARN_INFINITE_RECURSION = YES;
				CLANG_WARN_INT_CONVERSION = YES;
				CLANG_WARN_NON_LITERAL_NULL_CONVERSION = YES;
				CLANG_WARN_OBJC_IMPLICIT_RETAIN_SELF = YES;
				CLANG_WARN_OBJC_LITERAL_CONVERSION = YES;
				CLANG_WARN_OBJC_ROOT_CLASS = YES_ERROR;
				CLANG_WARN_QUOTED_INCLUDE_IN_FRAMEWORK_HEADER = YES;
				CLANG_WARN_RANGE_LOOP_ANALYSIS = YES;
				CLANG_WARN_STRICT_PROTOTYPES = YES;
				CLANG_WARN_SUSPICIOUS_MOVE = YES;
				CLANG_WARN_UNGUARDED_AVAILABILITY = YES_AGGRESSIVE;
				CLANG_WARN_UNREACHABLE_CODE = YES;
				CLANG_WARN__DUPLICATE_METHOD_MATCH = YES;
				COPY_PHASE_STRIP = NO;
				DEBUG_INFORMATION_FORMAT = "dwarf-with-dsym";
				ENABLE_NS_ASSERTIONS = NO;
				ENABLE_STRICT_OBJC_MSGSEND = YES;
				GCC_C_LANGUAGE_STANDARD = gnu11;
				GCC_NO_COMMON_BLOCKS = YES;
				GCC_WARN_64_TO_32_BIT_CONVERSION = YES;
				GCC_WARN_ABOUT_RETURN_TYPE = YES_ERROR;
				GCC_WARN_UNDECLARED_SELECTOR = YES;
				GCC_WARN_UNINITIALIZED_AUTOS = YES_AGGRESSIVE;
				GCC_WARN_UNUSED_FUNCTION = YES;
				GCC_WARN_UNUSED_VARIABLE = YES;
				IPHONEOS_DEPLOYMENT_TARGET = 16.0;
				MTL_ENABLE_DEBUG_INFO = NO;
				MTL_FAST_MATH = YES;
				SDKROOT = iphoneos;
				SWIFT_COMPILATION_MODE = wholemodule;
				SWIFT_OPTIMIZATION_LEVEL = "-O";
				VALIDATE_PRODUCT = YES;
			};
			name = Release;
		};
		B99BEC1628EC4FDD000AB9BE /* Debug */ = {
			isa = XCBuildConfiguration;
			buildSettings = {
				ASSETCATALOG_COMPILER_APPICON_NAME = AppIcon;
				ASSETCATALOG_COMPILER_GLOBAL_ACCENT_COLOR_NAME = AccentColor;
				CODE_SIGN_STYLE = Automatic;
				CURRENT_PROJECT_VERSION = 1;
				DEVELOPMENT_TEAM = 794RQQKASN;
				GENERATE_INFOPLIST_FILE = YES;
				INFOPLIST_FILE = Werdd/Info.plist;
				INFOPLIST_KEY_UIApplicationSupportsIndirectInputEvents = YES;
				INFOPLIST_KEY_UILaunchStoryboardName = LaunchScreen;
				INFOPLIST_KEY_UISupportedInterfaceOrientations_iPad = "UIInterfaceOrientationPortrait UIInterfaceOrientationPortraitUpsideDown UIInterfaceOrientationLandscapeLeft UIInterfaceOrientationLandscapeRight";
				INFOPLIST_KEY_UISupportedInterfaceOrientations_iPhone = "UIInterfaceOrientationPortrait UIInterfaceOrientationLandscapeLeft UIInterfaceOrientationLandscapeRight";
				LD_RUNPATH_SEARCH_PATHS = (
					"$(inherited)",
					"@executable_path/Frameworks",
				);
				MARKETING_VERSION = 1.0;
				PRODUCT_BUNDLE_IDENTIFIER = me.frey.caroline.Werdd;
				PRODUCT_NAME = "$(TARGET_NAME)";
				SWIFT_EMIT_LOC_STRINGS = YES;
				SWIFT_VERSION = 5.0;
				TARGETED_DEVICE_FAMILY = "1,2";
			};
			name = Debug;
		};
		B99BEC1728EC4FDD000AB9BE /* Release */ = {
			isa = XCBuildConfiguration;
			buildSettings = {
				ASSETCATALOG_COMPILER_APPICON_NAME = AppIcon;
				ASSETCATALOG_COMPILER_GLOBAL_ACCENT_COLOR_NAME = AccentColor;
				CODE_SIGN_STYLE = Automatic;
				CURRENT_PROJECT_VERSION = 1;
				DEVELOPMENT_TEAM = 794RQQKASN;
				GENERATE_INFOPLIST_FILE = YES;
				INFOPLIST_FILE = Werdd/Info.plist;
				INFOPLIST_KEY_UIApplicationSupportsIndirectInputEvents = YES;
				INFOPLIST_KEY_UILaunchStoryboardName = LaunchScreen;
				INFOPLIST_KEY_UISupportedInterfaceOrientations_iPad = "UIInterfaceOrientationPortrait UIInterfaceOrientationPortraitUpsideDown UIInterfaceOrientationLandscapeLeft UIInterfaceOrientationLandscapeRight";
				INFOPLIST_KEY_UISupportedInterfaceOrientations_iPhone = "UIInterfaceOrientationPortrait UIInterfaceOrientationLandscapeLeft UIInterfaceOrientationLandscapeRight";
				LD_RUNPATH_SEARCH_PATHS = (
					"$(inherited)",
					"@executable_path/Frameworks",
				);
				MARKETING_VERSION = 1.0;
				PRODUCT_BUNDLE_IDENTIFIER = me.frey.caroline.Werdd;
				PRODUCT_NAME = "$(TARGET_NAME)";
				SWIFT_EMIT_LOC_STRINGS = YES;
				SWIFT_VERSION = 5.0;
				TARGETED_DEVICE_FAMILY = "1,2";
			};
			name = Release;
		};
/* End XCBuildConfiguration section */

/* Begin XCConfigurationList section */
		B99BEBFC28EC4FDC000AB9BE /* Build configuration list for PBXProject "Werdd" */ = {
			isa = XCConfigurationList;
			buildConfigurations = (
				B99BEC1328EC4FDD000AB9BE /* Debug */,
				B99BEC1428EC4FDD000AB9BE /* Release */,
			);
			defaultConfigurationIsVisible = 0;
			defaultConfigurationName = Release;
		};
		B99BEC1528EC4FDD000AB9BE /* Build configuration list for PBXNativeTarget "Werdd" */ = {
			isa = XCConfigurationList;
			buildConfigurations = (
				B99BEC1628EC4FDD000AB9BE /* Debug */,
				B99BEC1728EC4FDD000AB9BE /* Release */,
			);
			defaultConfigurationIsVisible = 0;
			defaultConfigurationName = Release;
		};
/* End XCConfigurationList section */
	};
	rootObject = B99BEBF928EC4FDC000AB9BE /* Project object */;
}
